{
  "requires": true,
  "lockfileVersion": 1,
  "dependencies": {
    "@fortawesome/fontawesome-common-types": {
      "version": "0.2.30",
      "resolved": "https://registry.npmjs.org/@fortawesome/fontawesome-common-types/-/fontawesome-common-types-0.2.30.tgz",
      "integrity": "sha512-TsRwpTuKwFNiPhk1UfKgw7zNPeV5RhNp2Uw3pws+9gDAkPGKrtjR1y2lI3SYn7+YzyfuNknflpBA1LRKjt7hMg=="
    },
    "@fortawesome/fontawesome-svg-core": {
      "version": "1.2.30",
      "resolved": "https://registry.npmjs.org/@fortawesome/fontawesome-svg-core/-/fontawesome-svg-core-1.2.30.tgz",
      "integrity": "sha512-E3sAXATKCSVnT17HYmZjjbcmwihrNOCkoU7dVMlasrcwiJAHxSKeZ+4WN5O+ElgO/FaYgJmASl8p9N7/B/RttA==",
      "requires": {
        "@fortawesome/fontawesome-common-types": "^0.2.30"
      }
    },
    "@fortawesome/free-brands-svg-icons": {
      "version": "5.14.0",
      "resolved": "https://registry.npmjs.org/@fortawesome/free-brands-svg-icons/-/free-brands-svg-icons-5.14.0.tgz",
      "integrity": "sha512-WsqPFTvJFI7MYkcy0jeFE2zY+blC4OrnB9MJOcn1NxRXT/sSfEEhrI7CwzIkiYajLiVDBKWeErYOvpsMeodmCQ==",
      "requires": {
        "@fortawesome/fontawesome-common-types": "^0.2.30"
      }
    },
    "@fortawesome/free-regular-svg-icons": {
      "version": "5.14.0",
      "resolved": "https://registry.npmjs.org/@fortawesome/free-regular-svg-icons/-/free-regular-svg-icons-5.14.0.tgz",
      "integrity": "sha512-6LCFvjGSMPoUQbn3NVlgiG4CY5iIY8fOm+to/D6QS/GvdqhDt+xZklQeERdCvVRbnFa1ITc1rJHPRXqkX5wztQ==",
      "requires": {
        "@fortawesome/fontawesome-common-types": "^0.2.30"
      }
    },
    "@fortawesome/free-solid-svg-icons": {
      "version": "5.14.0",
      "resolved": "https://registry.npmjs.org/@fortawesome/free-solid-svg-icons/-/free-solid-svg-icons-5.14.0.tgz",
      "integrity": "sha512-M933RDM8cecaKMWDSk3FRYdnzWGW7kBBlGNGfvqLVwcwhUPNj9gcw+xZMrqBdRqxnSXdl3zWzTCNNGEtFUq67Q==",
      "requires": {
        "@fortawesome/fontawesome-common-types": "^0.2.30"
      }
    },
    "@fortawesome/vue-fontawesome": {
      "version": "0.1.10",
      "resolved": "https://registry.npmjs.org/@fortawesome/vue-fontawesome/-/vue-fontawesome-0.1.10.tgz",
      "integrity": "sha512-b2+SLF31h32LSepVcXe+BQ63yvbq5qmTCy4KfFogCYm2bn68H5sDWUnX+U7MBqnM2aeEk9M7xSoqGnu+wSdY6w=="
    },
    "@nuxtjs/bulma": {
      "version": "1.3.0",
      "resolved": "https://registry.npmjs.org/@nuxtjs/bulma/-/bulma-1.3.0.tgz",
      "integrity": "sha512-T0v60thxI3kb4GfQpqxAE38UXJJC7UYKtIYFUK1/a+eoQSe4bihlL8WBItp3Qlj2bL6i7xZ/k5kL9tJefowonA==",
      "requires": {
        "bulma": "^0.9.0"
      }
    },
    "@nuxtjs/fontawesome": {
      "version": "1.1.2",
      "resolved": "https://registry.npmjs.org/@nuxtjs/fontawesome/-/fontawesome-1.1.2.tgz",
      "integrity": "sha512-QAfo7hdc6hiCOohdR861oNQ+riKW/kD22bYyvaC++xXiiC1hBQcrRQ6xXd5gln+6SKCwT09+C4kGjzTgrwtr7w==",
      "requires": {
        "@fortawesome/fontawesome-svg-core": "^1.2.27",
        "@fortawesome/vue-fontawesome": "^0.1.9"
      }
    },
    "bulma": {
      "version": "0.9.0",
      "resolved": "https://registry.npmjs.org/bulma/-/bulma-0.9.0.tgz",
      "integrity": "sha512-rV75CJkubNUroAt0qCRkjznZLoaXq/ctfMXsMvKSL84UetbSyx5REl96e8GoQ04G4Tkw0XF3STECffTOQrbzOQ=="
    },
    "consola": {
      "version": "2.15.0",
      "resolved": "https://registry.npmjs.org/consola/-/consola-2.15.0.tgz",
      "integrity": "sha512-vlcSGgdYS26mPf7qNi+dCisbhiyDnrN1zaRbw3CSuc2wGOMEGGPsp46PdRG5gqXwgtJfjxDkxRNAgRPr1B77vQ=="
    }
  }
}
